
Microsoft Visual Studio Solution File, Format Version 12.00
# Visual Studio Version 17
VisualStudioVersion = 17.14.36623.8 d17.14
MinimumVisualStudioVersion = 10.0.40219.1
Project("{FAE04EC0-301F-11D3-BF4B-00C04F79EFBC}") = "AntiTail.Api", "AntiTail.Api\AntiTail.Api.csproj", "{7B33114E-5ED5-4A31-9154-BA91FC06BA0E}"
EndProject
Project("{FAE04EC0-301F-11D3-BF4B-00C04F79EFBC}") = "AntiTail.Domain", "AntiTail.Domain\AntiTail.Domain.csproj", "{440612FE-56E8-4E29-9DC6-2D3079A57A26}"
EndProject
Project("{FAE04EC0-301F-11D3-BF4B-00C04F79EFBC}") = "AntiTail.Persistence", "AntiTail.Persistence\AntiTail.Persistence.csproj", "{9DF173BB-95C5-4981-88A3-CE0F940F30A0}"
EndProject
Project("{FAE04EC0-301F-11D3-BF4B-00C04F79EFBC}") = "AntiTail.Application", "AntiTail.Application\AntiTail.Application.csproj", "{C4080096-45A6-4075-B294-F01FBABE4AE5}"
EndProject
Project("{FAE04EC0-301F-11D3-BF4B-00C04F79EFBC}") = "AntiTail.Infrastructure", "AntiTail.Infrasctructure\AntiTail.Infrastructure.csproj", "{A00D6CE3-E506-4CE2-9883-A36AAD0CCC19}"
EndProject
Global
	GlobalSection(SolutionConfigurationPlatforms) = preSolution
		Debug|Any CPU = Debug|Any CPU
		Release|Any CPU = Release|Any CPU
	EndGlobalSection
	GlobalSection(ProjectConfigurationPlatforms) = postSolution
		{7B33114E-5ED5-4A31-9154-BA91FC06BA0E}.Debug|Any CPU.ActiveCfg = Debug|Any CPU
		{7B33114E-5ED5-4A31-9154-BA91FC06BA0E}.Debug|Any CPU.Build.0 = Debug|Any CPU
		{7B33114E-5ED5-4A31-9154-BA91FC06BA0E}.Release|Any CPU.ActiveCfg = Release|Any CPU
		{7B33114E-5ED5-4A31-9154-BA91FC06BA0E}.Release|Any CPU.Build.0 = Release|Any CPU
		{440612FE-56E8-4E29-9DC6-2D3079A57A26}.Debug|Any CPU.ActiveCfg = Debug|Any CPU
		{440612FE-56E8-4E29-9DC6-2D3079A57A26}.Debug|Any CPU.Build.0 = Debug|Any CPU
		{440612FE-56E8-4E29-9DC6-2D3079A57A26}.Release|Any CPU.ActiveCfg = Release|Any CPU
		{440612FE-56E8-4E29-9DC6-2D3079A57A26}.Release|Any CPU.Build.0 = Release|Any CPU
		{9DF173BB-95C5-4981-88A3-CE0F940F30A0}.Debug|Any CPU.ActiveCfg = Debug|Any CPU
		{9DF173BB-95C5-4981-88A3-CE0F940F30A0}.Debug|Any CPU.Build.0 = Debug|Any CPU
		{9DF173BB-95C5-4981-88A3-CE0F940F30A0}.Release|Any CPU.ActiveCfg = Release|Any CPU
		{9DF173BB-95C5-4981-88A3-CE0F940F30A0}.Release|Any CPU.Build.0 = Release|Any CPU
		{C4080096-45A6-4075-B294-F01FBABE4AE5}.Debug|Any CPU.ActiveCfg = Debug|Any CPU
		{C4080096-45A6-4075-B294-F01FBABE4AE5}.Debug|Any CPU.Build.0 = Debug|Any CPU
		{C4080096-45A6-4075-B294-F01FBABE4AE5}.Release|Any CPU.ActiveCfg = Release|Any CPU
		{C4080096-45A6-4075-B294-F01FBABE4AE5}.Release|Any CPU.Build.0 = Release|Any CPU
		{A00D6CE3-E506-4CE2-9883-A36AAD0CCC19}.Debug|Any CPU.ActiveCfg = Debug|Any CPU
		{A00D6CE3-E506-4CE2-9883-A36AAD0CCC19}.Debug|Any CPU.Build.0 = Debug|Any CPU
		{A00D6CE3-E506-4CE2-9883-A36AAD0CCC19}.Release|Any CPU.ActiveCfg = Release|Any CPU
		{A00D6CE3-E506-4CE2-9883-A36AAD0CCC19}.Release|Any CPU.Build.0 = Release|Any CPU
	EndGlobalSection
	GlobalSection(SolutionProperties) = preSolution
		HideSolutionNode = FALSE
	EndGlobalSection
	GlobalSection(ExtensibilityGlobals) = postSolution
		SolutionGuid = {403D2B6D-6626-4A83-A0FB-BCF9B905E111}
	EndGlobalSection
EndGlobal
